<?xml version="1.0" encoding="utf-8"?>
<Project ToolsVersion="4.0" xmlns="http://schemas.microsoft.com/developer/msbuild/2003">
  <ItemGroup>
    <Filter Include="소스 파일">
      <UniqueIdentifier>{4FC737F1-C7A5-4376-A066-2A32D752A2FF}</UniqueIdentifier>
      <Extensions>cpp;c;cc;cxx;c++;cppm;ixx;def;odl;idl;hpj;bat;asm;asmx</Extensions>
    </Filter>
    <Filter Include="헤더 파일">
      <UniqueIdentifier>{93995380-89BD-4b04-88EB-625FBE52EBFB}</UniqueIdentifier>
      <Extensions>h;hh;hpp;hxx;h++;hm;inl;inc;ipp;xsd</Extensions>
    </Filter>
    <Filter Include="리소스 파일">
      <UniqueIdentifier>{67DA6AB6-F800-4c08-8B7A-83BB121AAD01}</UniqueIdentifier>
      <Extensions>rc;ico;cur;bmp;dlg;rc2;rct;bin;rgs;gif;jpg;jpeg;jpe;resx;tiff;tif;png;wav;mfcribbon-ms</Extensions>
    </Filter>
    <Filter Include="소스 파일\BOJ">
      <UniqueIdentifier>{719f675f-7c63-4c66-877a-35d65386c4d8}</UniqueIdentifier>
    </Filter>
    <Filter Include="소스 파일\studyalone">
      <UniqueIdentifier>{551ddd26-bf97-4d8f-a031-3778606761d9}</UniqueIdentifier>
    </Filter>
  </ItemGroup>
  <ItemGroup>
    <ClCompile Include="1000\1050.cpp">
      <Filter>소스 파일\BOJ</Filter>
    </ClCompile>
    <ClCompile Include="1000\1188.cpp">
      <Filter>소스 파일\BOJ</Filter>
    </ClCompile>
    <ClCompile Include="1000\1613.cpp">
      <Filter>소스 파일\BOJ</Filter>
    </ClCompile>
    <ClCompile Include="2000\2042_segtree.cpp">
      <Filter>소스 파일\BOJ</Filter>
    </ClCompile>
    <ClCompile Include="2000\2452_ns.cpp">
      <Filter>소스 파일\BOJ</Filter>
    </ClCompile>
    <ClCompile Include="3000\3827_ns.cpp">
      <Filter>소스 파일\BOJ</Filter>
    </ClCompile>
    <ClCompile Include="5000\5525.cpp">
      <Filter>소스 파일\BOJ</Filter>
    </ClCompile>
    <ClCompile Include="7000\7696.cpp">
      <Filter>소스 파일\BOJ</Filter>
    </ClCompile>
    <ClCompile Include="8000\8980.cpp">
      <Filter>소스 파일\BOJ</Filter>
    </ClCompile>
    <ClCompile Include="8000\8979.cpp">
      <Filter>소스 파일\BOJ</Filter>
    </ClCompile>
    <ClCompile Include="11000\11658_2dsegtree.cpp">
      <Filter>소스 파일</Filter>
    </ClCompile>
    <ClCompile Include="1000\1009.cpp">
      <Filter>소스 파일</Filter>
    </ClCompile>
    <ClCompile Include="13000\13949.cpp">
      <Filter>소스 파일</Filter>
    </ClCompile>
    <ClCompile Include="16000\16893.cpp">
      <Filter>소스 파일</Filter>
    </ClCompile>
    <ClCompile Include="1000\1019.cpp">
      <Filter>소스 파일\BOJ</Filter>
    </ClCompile>
    <ClCompile Include="2000\2107.cpp">
      <Filter>소스 파일</Filter>
    </ClCompile>
    <ClCompile Include="3000\3226_ns.cpp">
      <Filter>소스 파일</Filter>
    </ClCompile>
    <ClCompile Include="14000\14289.cpp">
      <Filter>소스 파일</Filter>
    </ClCompile>
    <ClCompile Include="10000\10830.cpp">
      <Filter>소스 파일</Filter>
    </ClCompile>
    <ClCompile Include="16000\16563.cpp">
      <Filter>소스 파일</Filter>
    </ClCompile>
    <ClCompile Include="14000\14476_ns_segtree.cpp">
      <Filter>소스 파일</Filter>
    </ClCompile>
    <ClCompile Include="9000\9007_ns.cpp">
      <Filter>소스 파일</Filter>
    </ClCompile>
    <ClCompile Include="14000\14444.cpp">
      <Filter>소스 파일</Filter>
    </ClCompile>
    <ClCompile Include="2000\2162.cpp">
      <Filter>소스 파일</Filter>
    </ClCompile>
    <ClCompile Include="10000\10775.cpp">
      <Filter>소스 파일</Filter>
    </ClCompile>
    <ClCompile Include="2000\2740.cpp">
      <Filter>소스 파일</Filter>
    </ClCompile>
    <ClCompile Include="14000\14680_ns.cpp">
      <Filter>소스 파일</Filter>
    </ClCompile>
    <ClCompile Include="17000\17250.cpp">
      <Filter>소스 파일</Filter>
    </ClCompile>
    <ClCompile Include="2000\2179.cpp">
      <Filter>소스 파일</Filter>
    </ClCompile>
    <ClCompile Include="2000\2157_ns.cpp">
      <Filter>소스 파일</Filter>
    </ClCompile>
    <ClCompile Include="9000\9461.cpp">
      <Filter>소스 파일</Filter>
    </ClCompile>
    <ClCompile Include="4000\4796.cpp">
      <Filter>소스 파일</Filter>
    </ClCompile>
    <ClCompile Include="20000\20529.cpp">
      <Filter>소스 파일</Filter>
    </ClCompile>
  </ItemGroup>
</Project>